// !$*UTF8*$!
{
	archiveVersion = 1;
	classes = {
	};
	objectVersion = 56;
	objects = {

/* Begin PBXBuildFile section */
		5666D4992A974B99008B9894 /* MovieVC.swift in Sources */ = {isa = PBXBuildFile; fileRef = 5666D4982A974B99008B9894 /* MovieVC.swift */; };
		5666D49B2A974BC5008B9894 /* FavoritesVC.swift in Sources */ = {isa = PBXBuildFile; fileRef = 5666D49A2A974BC5008B9894 /* FavoritesVC.swift */; };
		5666D49E2A97503F008B9894 /* Movies.swift in Sources */ = {isa = PBXBuildFile; fileRef = 5666D49D2A97503F008B9894 /* Movies.swift */; };
		5666D4A12A975089008B9894 /* MovieManager.swift in Sources */ = {isa = PBXBuildFile; fileRef = 5666D4A02A975089008B9894 /* MovieManager.swift */; };
		5666D4A42A9750C5008B9894 /* Alamofire in Frameworks */ = {isa = PBXBuildFile; productRef = 5666D4A32A9750C5008B9894 /* Alamofire */; };
		5666D4A72A975431008B9894 /* APIUtils.swift in Sources */ = {isa = PBXBuildFile; fileRef = 5666D4A62A975431008B9894 /* APIUtils.swift */; };
		5666D4AA2A975835008B9894 /* MovieViewModel.swift in Sources */ = {isa = PBXBuildFile; fileRef = 5666D4A92A975834008B9894 /* MovieViewModel.swift */; };
		5671B1532A9747A1008EF8F3 /* AppDelegate.swift in Sources */ = {isa = PBXBuildFile; fileRef = 5671B1522A9747A1008EF8F3 /* AppDelegate.swift */; };
		5671B1552A9747A1008EF8F3 /* SceneDelegate.swift in Sources */ = {isa = PBXBuildFile; fileRef = 5671B1542A9747A1008EF8F3 /* SceneDelegate.swift */; };
		5671B1572A9747A1008EF8F3 /* MainTabbarVC.swift in Sources */ = {isa = PBXBuildFile; fileRef = 5671B1562A9747A1008EF8F3 /* MainTabbarVC.swift */; };
		5671B15C2A9747A2008EF8F3 /* Assets.xcassets in Resources */ = {isa = PBXBuildFile; fileRef = 5671B15B2A9747A2008EF8F3 /* Assets.xcassets */; };
		5671B15F2A9747A2008EF8F3 /* LaunchScreen.storyboard in Resources */ = {isa = PBXBuildFile; fileRef = 5671B15D2A9747A2008EF8F3 /* LaunchScreen.storyboard */; };
		5671B16A2A9747A2008EF8F3 /* Movie_AppTests.swift in Sources */ = {isa = PBXBuildFile; fileRef = 5671B1692A9747A2008EF8F3 /* Movie_AppTests.swift */; };
		5671B1742A9747A2008EF8F3 /* Movie_AppUITests.swift in Sources */ = {isa = PBXBuildFile; fileRef = 5671B1732A9747A2008EF8F3 /* Movie_AppUITests.swift */; };
		5671B1762A9747A2008EF8F3 /* Movie_AppUITestsLaunchTests.swift in Sources */ = {isa = PBXBuildFile; fileRef = 5671B1752A9747A2008EF8F3 /* Movie_AppUITestsLaunchTests.swift */; };
/* End PBXBuildFile section */

/* Begin PBXContainerItemProxy section */
		5671B1662A9747A2008EF8F3 /* PBXContainerItemProxy */ = {
			isa = PBXContainerItemProxy;
			containerPortal = 5671B1472A9747A1008EF8F3 /* Project object */;
			proxyType = 1;
			remoteGlobalIDString = 5671B14E2A9747A1008EF8F3;
			remoteInfo = "Movie App";
		};
		5671B1702A9747A2008EF8F3 /* PBXContainerItemProxy */ = {
			isa = PBXContainerItemProxy;
			containerPortal = 5671B1472A9747A1008EF8F3 /* Project object */;
			proxyType = 1;
			remoteGlobalIDString = 5671B14E2A9747A1008EF8F3;
			remoteInfo = "Movie App";
		};
/* End PBXContainerItemProxy section */

/* Begin PBXFileReference section */
		5666D4982A974B99008B9894 /* MovieVC.swift */ = {isa = PBXFileReference; lastKnownFileType = sourcecode.swift; path = MovieVC.swift; sourceTree = "<group>"; };
		5666D49A2A974BC5008B9894 /* FavoritesVC.swift */ = {isa = PBXFileReference; lastKnownFileType = sourcecode.swift; path = FavoritesVC.swift; sourceTree = "<group>"; };
		5666D49D2A97503F008B9894 /* Movies.swift */ = {isa = PBXFileReference; lastKnownFileType = sourcecode.swift; path = Movies.swift; sourceTree = "<group>"; };
		5666D4A02A975089008B9894 /* MovieManager.swift */ = {isa = PBXFileReference; lastKnownFileType = sourcecode.swift; path = MovieManager.swift; sourceTree = "<group>"; };
		5666D4A62A975431008B9894 /* APIUtils.swift */ = {isa = PBXFileReference; lastKnownFileType = sourcecode.swift; path = APIUtils.swift; sourceTree = "<group>"; };
		5666D4A92A975834008B9894 /* MovieViewModel.swift */ = {isa = PBXFileReference; lastKnownFileType = sourcecode.swift; path = MovieViewModel.swift; sourceTree = "<group>"; };
		5671B14F2A9747A1008EF8F3 /* Movie App.app */ = {isa = PBXFileReference; explicitFileType = wrapper.application; includeInIndex = 0; path = "Movie App.app"; sourceTree = BUILT_PRODUCTS_DIR; };
		5671B1522A9747A1008EF8F3 /* AppDelegate.swift */ = {isa = PBXFileReference; lastKnownFileType = sourcecode.swift; path = AppDelegate.swift; sourceTree = "<group>"; };
		5671B1542A9747A1008EF8F3 /* SceneDelegate.swift */ = {isa = PBXFileReference; lastKnownFileType = sourcecode.swift; path = SceneDelegate.swift; sourceTree = "<group>"; };
		5671B1562A9747A1008EF8F3 /* MainTabbarVC.swift */ = {isa = PBXFileReference; lastKnownFileType = sourcecode.swift; path = MainTabbarVC.swift; sourceTree = "<group>"; };
		5671B15B2A9747A2008EF8F3 /* Assets.xcassets */ = {isa = PBXFileReference; lastKnownFileType = folder.assetcatalog; path = Assets.xcassets; sourceTree = "<group>"; };
		5671B15E2A9747A2008EF8F3 /* Base */ = {isa = PBXFileReference; lastKnownFileType = file.storyboard; name = Base; path = Base.lproj/LaunchScreen.storyboard; sourceTree = "<group>"; };
		5671B1602A9747A2008EF8F3 /* Info.plist */ = {isa = PBXFileReference; lastKnownFileType = text.plist.xml; path = Info.plist; sourceTree = "<group>"; };
		5671B1652A9747A2008EF8F3 /* Movie AppTests.xctest */ = {isa = PBXFileReference; explicitFileType = wrapper.cfbundle; includeInIndex = 0; path = "Movie AppTests.xctest"; sourceTree = BUILT_PRODUCTS_DIR; };
		5671B1692A9747A2008EF8F3 /* Movie_AppTests.swift */ = {isa = PBXFileReference; lastKnownFileType = sourcecode.swift; path = Movie_AppTests.swift; sourceTree = "<group>"; };
		5671B16F2A9747A2008EF8F3 /* Movie AppUITests.xctest */ = {isa = PBXFileReference; explicitFileType = wrapper.cfbundle; includeInIndex = 0; path = "Movie AppUITests.xctest"; sourceTree = BUILT_PRODUCTS_DIR; };
		5671B1732A9747A2008EF8F3 /* Movie_AppUITests.swift */ = {isa = PBXFileReference; lastKnownFileType = sourcecode.swift; path = Movie_AppUITests.swift; sourceTree = "<group>"; };
		5671B1752A9747A2008EF8F3 /* Movie_AppUITestsLaunchTests.swift */ = {isa = PBXFileReference; lastKnownFileType = sourcecode.swift; path = Movie_AppUITestsLaunchTests.swift; sourceTree = "<group>"; };
/* End PBXFileReference section */

/* Begin PBXFrameworksBuildPhase section */
		5671B14C2A9747A1008EF8F3 /* Frameworks */ = {
			isa = PBXFrameworksBuildPhase;
			buildActionMask = 2147483647;
			files = (
				5666D4A42A9750C5008B9894 /* Alamofire in Frameworks */,
			);
			runOnlyForDeploymentPostprocessing = 0;
		};
		5671B1622A9747A2008EF8F3 /* Frameworks */ = {
			isa = PBXFrameworksBuildPhase;
			buildActionMask = 2147483647;
			files = (
			);
			runOnlyForDeploymentPostprocessing = 0;
		};
		5671B16C2A9747A2008EF8F3 /* Frameworks */ = {
			isa = PBXFrameworksBuildPhase;
			buildActionMask = 2147483647;
			files = (
			);
			runOnlyForDeploymentPostprocessing = 0;
		};
/* End PBXFrameworksBuildPhase section */

/* Begin PBXGroup section */
		5666D49C2A975030008B9894 /* Model */ = {
			isa = PBXGroup;
			children = (
				5666D49D2A97503F008B9894 /* Movies.swift */,
			);
			path = Model;
			sourceTree = "<group>";
		};
		5666D49F2A97507B008B9894 /* Managers */ = {
			isa = PBXGroup;
			children = (
				5666D4A02A975089008B9894 /* MovieManager.swift */,
			);
			path = Managers;
			sourceTree = "<group>";
		};
		5666D4A52A975425008B9894 /* Utils */ = {
			isa = PBXGroup;
			children = (
				5666D4A62A975431008B9894 /* APIUtils.swift */,
			);
			path = Utils;
			sourceTree = "<group>";
		};
		5666D4A82A975825008B9894 /* ViewModel */ = {
			isa = PBXGroup;
			children = (
				5666D4A92A975834008B9894 /* MovieViewModel.swift */,
			);
			path = ViewModel;
			sourceTree = "<group>";
		};
		5671B1462A9747A1008EF8F3 = {
			isa = PBXGroup;
			children = (
				5671B1512A9747A1008EF8F3 /* Movie App */,
				5671B1682A9747A2008EF8F3 /* Movie AppTests */,
				5671B1722A9747A2008EF8F3 /* Movie AppUITests */,
				5671B1502A9747A1008EF8F3 /* Products */,
			);
			sourceTree = "<group>";
		};
		5671B1502A9747A1008EF8F3 /* Products */ = {
			isa = PBXGroup;
			children = (
				5671B14F2A9747A1008EF8F3 /* Movie App.app */,
				5671B1652A9747A2008EF8F3 /* Movie AppTests.xctest */,
				5671B16F2A9747A2008EF8F3 /* Movie AppUITests.xctest */,
			);
			name = Products;
			sourceTree = "<group>";
		};
		5671B1512A9747A1008EF8F3 /* Movie App */ = {
			isa = PBXGroup;
			children = (
				5671B1832A9747C7008EF8F3 /* Features */,
				5671B1822A9747C3008EF8F3 /* Core */,
				5671B1602A9747A2008EF8F3 /* Info.plist */,
			);
			path = "Movie App";
			sourceTree = "<group>";
		};
		5671B1682A9747A2008EF8F3 /* Movie AppTests */ = {
			isa = PBXGroup;
			children = (
				5671B1692A9747A2008EF8F3 /* Movie_AppTests.swift */,
			);
			path = "Movie AppTests";
			sourceTree = "<group>";
		};
		5671B1722A9747A2008EF8F3 /* Movie AppUITests */ = {
			isa = PBXGroup;
			children = (
				5671B1732A9747A2008EF8F3 /* Movie_AppUITests.swift */,
				5671B1752A9747A2008EF8F3 /* Movie_AppUITestsLaunchTests.swift */,
			);
			path = "Movie AppUITests";
			sourceTree = "<group>";
		};
		5671B1822A9747C3008EF8F3 /* Core */ = {
			isa = PBXGroup;
			children = (
				5671B1522A9747A1008EF8F3 /* AppDelegate.swift */,
				5671B1542A9747A1008EF8F3 /* SceneDelegate.swift */,
				5671B15B2A9747A2008EF8F3 /* Assets.xcassets */,
				5671B15D2A9747A2008EF8F3 /* LaunchScreen.storyboard */,
			);
			path = Core;
			sourceTree = "<group>";
		};
		5671B1832A9747C7008EF8F3 /* Features */ = {
			isa = PBXGroup;
			children = (
				5666D4A82A975825008B9894 /* ViewModel */,
				5666D4A52A975425008B9894 /* Utils */,
				5666D49F2A97507B008B9894 /* Managers */,
				5666D49C2A975030008B9894 /* Model */,
				5671B1842A9747D4008EF8F3 /* ViewController */,
			);
			path = Features;
			sourceTree = "<group>";
		};
		5671B1842A9747D4008EF8F3 /* ViewController */ = {
			isa = PBXGroup;
			children = (
				5671B1562A9747A1008EF8F3 /* MainTabbarVC.swift */,
				5666D4982A974B99008B9894 /* MovieVC.swift */,
				5666D49A2A974BC5008B9894 /* FavoritesVC.swift */,
			);
			path = ViewController;
			sourceTree = "<group>";
		};
/* End PBXGroup section */

/* Begin PBXNativeTarget section */
		5671B14E2A9747A1008EF8F3 /* Movie App */ = {
			isa = PBXNativeTarget;
			buildConfigurationList = 5671B1792A9747A2008EF8F3 /* Build configuration list for PBXNativeTarget "Movie App" */;
			buildPhases = (
				5671B14B2A9747A1008EF8F3 /* Sources */,
				5671B14C2A9747A1008EF8F3 /* Frameworks */,
				5671B14D2A9747A1008EF8F3 /* Resources */,
			);
			buildRules = (
			);
			dependencies = (
			);
			name = "Movie App";
			packageProductDependencies = (
				5666D4A32A9750C5008B9894 /* Alamofire */,
			);
			productName = "Movie App";
			productReference = 5671B14F2A9747A1008EF8F3 /* Movie App.app */;
			productType = "com.apple.product-type.application";
		};
		5671B1642A9747A2008EF8F3 /* Movie AppTests */ = {
			isa = PBXNativeTarget;
			buildConfigurationList = 5671B17C2A9747A2008EF8F3 /* Build configuration list for PBXNativeTarget "Movie AppTests" */;
			buildPhases = (
				5671B1612A9747A2008EF8F3 /* Sources */,
				5671B1622A9747A2008EF8F3 /* Frameworks */,
				5671B1632A9747A2008EF8F3 /* Resources */,
			);
			buildRules = (
			);
			dependencies = (
				5671B1672A9747A2008EF8F3 /* PBXTargetDependency */,
			);
			name = "Movie AppTests";
			productName = "Movie AppTests";
			productReference = 5671B1652A9747A2008EF8F3 /* Movie AppTests.xctest */;
			productType = "com.apple.product-type.bundle.unit-test";
		};
		5671B16E2A9747A2008EF8F3 /* Movie AppUITests */ = {
			isa = PBXNativeTarget;
			buildConfigurationList = 5671B17F2A9747A2008EF8F3 /* Build configuration list for PBXNativeTarget "Movie AppUITests" */;
			buildPhases = (
				5671B16B2A9747A2008EF8F3 /* Sources */,
				5671B16C2A9747A2008EF8F3 /* Frameworks */,
				5671B16D2A9747A2008EF8F3 /* Resources */,
			);
			buildRules = (
			);
			dependencies = (
				5671B1712A9747A2008EF8F3 /* PBXTargetDependency */,
			);
			name = "Movie AppUITests";
			productName = "Movie AppUITests";
			productReference = 5671B16F2A9747A2008EF8F3 /* Movie AppUITests.xctest */;
			productType = "com.apple.product-type.bundle.ui-testing";
		};
/* End PBXNativeTarget section */

/* Begin PBXProject section */
		5671B1472A9747A1008EF8F3 /* Project object */ = {
			isa = PBXProject;
			attributes = {
				BuildIndependentTargetsInParallel = 1;
				LastSwiftUpdateCheck = 1430;
				LastUpgradeCheck = 1430;
				TargetAttributes = {
					5671B14E2A9747A1008EF8F3 = {
						CreatedOnToolsVersion = 14.3;
					};
					5671B1642A9747A2008EF8F3 = {
						CreatedOnToolsVersion = 14.3;
						TestTargetID = 5671B14E2A9747A1008EF8F3;
					};
					5671B16E2A9747A2008EF8F3 = {
						CreatedOnToolsVersion = 14.3;
						TestTargetID = 5671B14E2A9747A1008EF8F3;
					};
				};
			};
			buildConfigurationList = 5671B14A2A9747A1008EF8F3 /* Build configuration list for PBXProject "Movie App" */;
			compatibilityVersion = "Xcode 14.0";
			developmentRegion = en;
			hasScannedForEncodings = 0;
			knownRegions = (
				en,
				Base,
			);
			mainGroup = 5671B1462A9747A1008EF8F3;
			packageReferences = (
				5666D4A22A9750C4008B9894 /* XCRemoteSwiftPackageReference "Alamofire" */,
			);
			productRefGroup = 5671B1502A9747A1008EF8F3 /* Products */;
			projectDirPath = "";
			projectRoot = "";
			targets = (
				5671B14E2A9747A1008EF8F3 /* Movie App */,
				5671B1642A9747A2008EF8F3 /* Movie AppTests */,
				5671B16E2A9747A2008EF8F3 /* Movie AppUITests */,
			);
		};
/* End PBXProject section */

/* Begin PBXResourcesBuildPhase section */
		5671B14D2A9747A1008EF8F3 /* Resources */ = {
			isa = PBXResourcesBuildPhase;
			buildActionMask = 2147483647;
			files = (
				5671B15F2A9747A2008EF8F3 /* LaunchScreen.storyboard in Resources */,
				5671B15C2A9747A2008EF8F3 /* Assets.xcassets in Resources */,
			);
			runOnlyForDeploymentPostprocessing = 0;
		};
		5671B1632A9747A2008EF8F3 /* Resources */ = {
			isa = PBXResourcesBuildPhase;
			buildActionMask = 2147483647;
			files = (
			);
			runOnlyForDeploymentPostprocessing = 0;
		};
		5671B16D2A9747A2008EF8F3 /* Resources */ = {
			isa = PBXResourcesBuildPhase;
			buildActionMask = 2147483647;
			files = (
			);
			runOnlyForDeploymentPostprocessing = 0;
		};
/* End PBXResourcesBuildPhase section */

/* Begin PBXSourcesBuildPhase section */
		5671B14B2A9747A1008EF8F3 /* Sources */ = {
			isa = PBXSourcesBuildPhase;
			buildActionMask = 2147483647;
			files = (
				5666D49B2A974BC5008B9894 /* FavoritesVC.swift in Sources */,
				5671B1572A9747A1008EF8F3 /* MainTabbarVC.swift in Sources */,
				5666D4A12A975089008B9894 /* MovieManager.swift in Sources */,
				5666D4992A974B99008B9894 /* MovieVC.swift in Sources */,
				5666D4A72A975431008B9894 /* APIUtils.swift in Sources */,
				5666D4AA2A975835008B9894 /* MovieViewModel.swift in Sources */,
				5671B1532A9747A1008EF8F3 /* AppDelegate.swift in Sources */,
				5666D49E2A97503F008B9894 /* Movies.swift in Sources */,
				5671B1552A9747A1008EF8F3 /* SceneDelegate.swift in Sources */,
			);
			runOnlyForDeploymentPostprocessing = 0;
		};
		5671B1612A9747A2008EF8F3 /* Sources */ = {
			isa = PBXSourcesBuildPhase;
			buildActionMask = 2147483647;
			files = (
				5671B16A2A9747A2008EF8F3 /* Movie_AppTests.swift in Sources */,
			);
			runOnlyForDeploymentPostprocessing = 0;
		};
		5671B16B2A9747A2008EF8F3 /* Sources */ = {
			isa = PBXSourcesBuildPhase;
			buildActionMask = 2147483647;
			files = (
				5671B1742A9747A2008EF8F3 /* Movie_AppUITests.swift in Sources */,
				5671B1762A9747A2008EF8F3 /* Movie_AppUITestsLaunchTests.swift in Sources */,
			);
			runOnlyForDeploymentPostprocessing = 0;
		};
/* End PBXSourcesBuildPhase section */

/* Begin PBXTargetDependency section */
		5671B1672A9747A2008EF8F3 /* PBXTargetDependency */ = {
			isa = PBXTargetDependency;
			target = 5671B14E2A9747A1008EF8F3 /* Movie App */;
			targetProxy = 5671B1662A9747A2008EF8F3 /* PBXContainerItemProxy */;
		};
		5671B1712A9747A2008EF8F3 /* PBXTargetDependency */ = {
			isa = PBXTargetDependency;
			target = 5671B14E2A9747A1008EF8F3 /* Movie App */;
			targetProxy = 5671B1702A9747A2008EF8F3 /* PBXContainerItemProxy */;
		};
/* End PBXTargetDependency section */

/* Begin PBXVariantGroup section */
		5671B15D2A9747A2008EF8F3 /* LaunchScreen.storyboard */ = {
			isa = PBXVariantGroup;
			children = (
				5671B15E2A9747A2008EF8F3 /* Base */,
			);
			name = LaunchScreen.storyboard;
			sourceTree = "<group>";
		};
/* End PBXVariantGroup section */

/* Begin XCBuildConfiguration section */
		5671B1772A9747A2008EF8F3 /* Debug */ = {
			isa = XCBuildConfiguration;
			buildSettings = {
				ALWAYS_SEARCH_USER_PATHS = NO;
				CLANG_ANALYZER_NONNULL = YES;
				CLANG_ANALYZER_NUMBER_OBJECT_CONVERSION = YES_AGGRESSIVE;
				CLANG_CXX_LANGUAGE_STANDARD = "gnu++20";
				CLANG_ENABLE_MODULES = YES;
				CLANG_ENABLE_OBJC_ARC = YES;
				CLANG_ENABLE_OBJC_WEAK = YES;
				CLANG_WARN_BLOCK_CAPTURE_AUTORELEASING = YES;
				CLANG_WARN_BOOL_CONVERSION = YES;
				CLANG_WARN_COMMA = YES;
				CLANG_WARN_CONSTANT_CONVERSION = YES;
				CLANG_WARN_DEPRECATED_OBJC_IMPLEMENTATIONS = YES;
				CLANG_WARN_DIRECT_OBJC_ISA_USAGE = YES_ERROR;
				CLANG_WARN_DOCUMENTATION_COMMENTS = YES;
				CLANG_WARN_EMPTY_BODY = YES;
				CLANG_WARN_ENUM_CONVERSION = YES;
				CLANG_WARN_INFINITE_RECURSION = YES;
				CLANG_WARN_INT_CONVERSION = YES;
				CLANG_WARN_NON_LITERAL_NULL_CONVERSION = YES;
				CLANG_WARN_OBJC_IMPLICIT_RETAIN_SELF = YES;
				CLANG_WARN_OBJC_LITERAL_CONVERSION = YES;
				CLANG_WARN_OBJC_ROOT_CLASS = YES_ERROR;
				CLANG_WARN_QUOTED_INCLUDE_IN_FRAMEWORK_HEADER = YES;
				CLANG_WARN_RANGE_LOOP_ANALYSIS = YES;
				CLANG_WARN_STRICT_PROTOTYPES = YES;
				CLANG_WARN_SUSPICIOUS_MOVE = YES;
				CLANG_WARN_UNGUARDED_AVAILABILITY = YES_AGGRESSIVE;
				CLANG_WARN_UNREACHABLE_CODE = YES;
				CLANG_WARN__DUPLICATE_METHOD_MATCH = YES;
				COPY_PHASE_STRIP = NO;
				DEBUG_INFORMATION_FORMAT = dwarf;
				ENABLE_STRICT_OBJC_MSGSEND = YES;
				ENABLE_TESTABILITY = YES;
				GCC_C_LANGUAGE_STANDARD = gnu11;
				GCC_DYNAMIC_NO_PIC = NO;
				GCC_NO_COMMON_BLOCKS = YES;
				GCC_OPTIMIZATION_LEVEL = 0;
				GCC_PREPROCESSOR_DEFINITIONS = (
					"DEBUG=1",
					"$(inherited)",
				);
				GCC_WARN_64_TO_32_BIT_CONVERSION = YES;
				GCC_WARN_ABOUT_RETURN_TYPE = YES_ERROR;
				GCC_WARN_UNDECLARED_SELECTOR = YES;
				GCC_WARN_UNINITIALIZED_AUTOS = YES_AGGRESSIVE;
				GCC_WARN_UNUSED_FUNCTION = YES;
				GCC_WARN_UNUSED_VARIABLE = YES;
				IPHONEOS_DEPLOYMENT_TARGET = 16.4;
				MTL_ENABLE_DEBUG_INFO = INCLUDE_SOURCE;
				MTL_FAST_MATH = YES;
				ONLY_ACTIVE_ARCH = YES;
				SDKROOT = iphoneos;
				SWIFT_ACTIVE_COMPILATION_CONDITIONS = DEBUG;
				SWIFT_OPTIMIZATION_LEVEL = "-Onone";
			};
			name = Debug;
		};
		5671B1782A9747A2008EF8F3 /* Release */ = {
			isa = XCBuildConfiguration;
			buildSettings = {
				ALWAYS_SEARCH_USER_PATHS = NO;
				CLANG_ANALYZER_NONNULL = YES;
				CLANG_ANALYZER_NUMBER_OBJECT_CONVERSION = YES_AGGRESSIVE;
				CLANG_CXX_LANGUAGE_STANDARD = "gnu++20";
				CLANG_ENABLE_MODULES = YES;
				CLANG_ENABLE_OBJC_ARC = YES;
				CLANG_ENABLE_OBJC_WEAK = YES;
				CLANG_WARN_BLOCK_CAPTURE_AUTORELEASING = YES;
				CLANG_WARN_BOOL_CONVERSION = YES;
				CLANG_WARN_COMMA = YES;
				CLANG_WARN_CONSTANT_CONVERSION = YES;
				CLANG_WARN_DEPRECATED_OBJC_IMPLEMENTATIONS = YES;
				CLANG_WARN_DIRECT_OBJC_ISA_USAGE = YES_ERROR;
				CLANG_WARN_DOCUMENTATION_COMMENTS = YES;
				CLANG_WARN_EMPTY_BODY = YES;
				CLANG_WARN_ENUM_CONVERSION = YES;
				CLANG_WARN_INFINITE_RECURSION = YES;
				CLANG_WARN_INT_CONVERSION = YES;
				CLANG_WARN_NON_LITERAL_NULL_CONVERSION = YES;
				CLANG_WARN_OBJC_IMPLICIT_RETAIN_SELF = YES;
				CLANG_WARN_OBJC_LITERAL_CONVERSION = YES;
				CLANG_WARN_OBJC_ROOT_CLASS = YES_ERROR;
				CLANG_WARN_QUOTED_INCLUDE_IN_FRAMEWORK_HEADER = YES;
				CLANG_WARN_RANGE_LOOP_ANALYSIS = YES;
				CLANG_WARN_STRICT_PROTOTYPES = YES;
				CLANG_WARN_SUSPICIOUS_MOVE = YES;
				CLANG_WARN_UNGUARDED_AVAILABILITY = YES_AGGRESSIVE;
				CLANG_WARN_UNREACHABLE_CODE = YES;
				CLANG_WARN__DUPLICATE_METHOD_MATCH = YES;
				COPY_PHASE_STRIP = NO;
				DEBUG_INFORMATION_FORMAT = "dwarf-with-dsym";
				ENABLE_NS_ASSERTIONS = NO;
				ENABLE_STRICT_OBJC_MSGSEND = YES;
				GCC_C_LANGUAGE_STANDARD = gnu11;
				GCC_NO_COMMON_BLOCKS = YES;
				GCC_WARN_64_TO_32_BIT_CONVERSION = YES;
				GCC_WARN_ABOUT_RETURN_TYPE = YES_ERROR;
				GCC_WARN_UNDECLARED_SELECTOR = YES;
				GCC_WARN_UNINITIALIZED_AUTOS = YES_AGGRESSIVE;
				GCC_WARN_UNUSED_FUNCTION = YES;
				GCC_WARN_UNUSED_VARIABLE = YES;
				IPHONEOS_DEPLOYMENT_TARGET = 16.4;
				MTL_ENABLE_DEBUG_INFO = NO;
				MTL_FAST_MATH = YES;
				SDKROOT = iphoneos;
				SWIFT_COMPILATION_MODE = wholemodule;
				SWIFT_OPTIMIZATION_LEVEL = "-O";
				VALIDATE_PRODUCT = YES;
			};
			name = Release;
		};
		5671B17A2A9747A2008EF8F3 /* Debug */ = {
			isa = XCBuildConfiguration;
			buildSettings = {
				ASSETCATALOG_COMPILER_APPICON_NAME = AppIcon;
				ASSETCATALOG_COMPILER_GLOBAL_ACCENT_COLOR_NAME = AccentColor;
				CODE_SIGN_STYLE = Automatic;
				CURRENT_PROJECT_VERSION = 1;
				DEVELOPMENT_TEAM = SJ9HXADZ9T;
				GENERATE_INFOPLIST_FILE = YES;
				INFOPLIST_FILE = "Movie App/Info.plist";
				INFOPLIST_KEY_UIApplicationSupportsIndirectInputEvents = YES;
				INFOPLIST_KEY_UILaunchStoryboardName = LaunchScreen;
				INFOPLIST_KEY_UISupportedInterfaceOrientations_iPad = "UIInterfaceOrientationPortrait UIInterfaceOrientationPortraitUpsideDown UIInterfaceOrientationLandscapeLeft UIInterfaceOrientationLandscapeRight";
				INFOPLIST_KEY_UISupportedInterfaceOrientations_iPhone = "UIInterfaceOrientationPortrait UIInterfaceOrientationLandscapeLeft UIInterfaceOrientationLandscapeRight";
				LD_RUNPATH_SEARCH_PATHS = (
					"$(inherited)",
					"@executable_path/Frameworks",
				);
				MARKETING_VERSION = 1.0;
				PRODUCT_BUNDLE_IDENTIFIER = "Mehmet-Ali.Movie-App";
				PRODUCT_NAME = "$(TARGET_NAME)";
				SWIFT_EMIT_LOC_STRINGS = YES;
				SWIFT_VERSION = 5.0;
				TARGETED_DEVICE_FAMILY = "1,2";
			};
			name = Debug;
		};
		5671B17B2A9747A2008EF8F3 /* Release */ = {
			isa = XCBuildConfiguration;
			buildSettings = {
				ASSETCATALOG_COMPILER_APPICON_NAME = AppIcon;
				ASSETCATALOG_COMPILER_GLOBAL_ACCENT_COLOR_NAME = AccentColor;
				CODE_SIGN_STYLE = Automatic;
				CURRENT_PROJECT_VERSION = 1;
				DEVELOPMENT_TEAM = SJ9HXADZ9T;
				GENERATE_INFOPLIST_FILE = YES;
				INFOPLIST_FILE = "Movie App/Info.plist";
				INFOPLIST_KEY_UIApplicationSupportsIndirectInputEvents = YES;
				INFOPLIST_KEY_UILaunchStoryboardName = LaunchScreen;
				INFOPLIST_KEY_UISupportedInterfaceOrientations_iPad = "UIInterfaceOrientationPortrait UIInterfaceOrientationPortraitUpsideDown UIInterfaceOrientationLandscapeLeft UIInterfaceOrientationLandscapeRight";
				INFOPLIST_KEY_UISupportedInterfaceOrientations_iPhone = "UIInterfaceOrientationPortrait UIInterfaceOrientationLandscapeLeft UIInterfaceOrientationLandscapeRight";
				LD_RUNPATH_SEARCH_PATHS = (
					"$(inherited)",
					"@executable_path/Frameworks",
				);
				MARKETING_VERSION = 1.0;
				PRODUCT_BUNDLE_IDENTIFIER = "Mehmet-Ali.Movie-App";
				PRODUCT_NAME = "$(TARGET_NAME)";
				SWIFT_EMIT_LOC_STRINGS = YES;
				SWIFT_VERSION = 5.0;
				TARGETED_DEVICE_FAMILY = "1,2";
			};
			name = Release;
		};
		5671B17D2A9747A2008EF8F3 /* Debug */ = {
			isa = XCBuildConfiguration;
			buildSettings = {
				ALWAYS_EMBED_SWIFT_STANDARD_LIBRARIES = YES;
				BUNDLE_LOADER = "$(TEST_HOST)";
				CODE_SIGN_STYLE = Automatic;
				CURRENT_PROJECT_VERSION = 1;
				DEVELOPMENT_TEAM = SJ9HXADZ9T;
				GENERATE_INFOPLIST_FILE = YES;
				IPHONEOS_DEPLOYMENT_TARGET = 16.4;
				MARKETING_VERSION = 1.0;
				PRODUCT_BUNDLE_IDENTIFIER = "Mehmet-Ali.Movie-AppTests";
				PRODUCT_NAME = "$(TARGET_NAME)";
				SWIFT_EMIT_LOC_STRINGS = NO;
				SWIFT_VERSION = 5.0;
				TARGETED_DEVICE_FAMILY = "1,2";
				TEST_HOST = "$(BUILT_PRODUCTS_DIR)/Movie App.app/$(BUNDLE_EXECUTABLE_FOLDER_PATH)/Movie App";
			};
			name = Debug;
		};
		5671B17E2A9747A2008EF8F3 /* Release */ = {
			isa = XCBuildConfiguration;
			buildSettings = {
				ALWAYS_EMBED_SWIFT_STANDARD_LIBRARIES = YES;
				BUNDLE_LOADER = "$(TEST_HOST)";
				CODE_SIGN_STYLE = Automatic;
				CURRENT_PROJECT_VERSION = 1;
				DEVELOPMENT_TEAM = SJ9HXADZ9T;
				GENERATE_INFOPLIST_FILE = YES;
				IPHONEOS_DEPLOYMENT_TARGET = 16.4;
				MARKETING_VERSION = 1.0;
				PRODUCT_BUNDLE_IDENTIFIER = "Mehmet-Ali.Movie-AppTests";
				PRODUCT_NAME = "$(TARGET_NAME)";
				SWIFT_EMIT_LOC_STRINGS = NO;
				SWIFT_VERSION = 5.0;
				TARGETED_DEVICE_FAMILY = "1,2";
				TEST_HOST = "$(BUILT_PRODUCTS_DIR)/Movie App.app/$(BUNDLE_EXECUTABLE_FOLDER_PATH)/Movie App";
			};
			name = Release;
		};
		5671B1802A9747A2008EF8F3 /* Debug */ = {
			isa = XCBuildConfiguration;
			buildSettings = {
				ALWAYS_EMBED_SWIFT_STANDARD_LIBRARIES = YES;
				CODE_SIGN_STYLE = Automatic;
				CURRENT_PROJECT_VERSION = 1;
				DEVELOPMENT_TEAM = SJ9HXADZ9T;
				GENERATE_INFOPLIST_FILE = YES;
				MARKETING_VERSION = 1.0;
				PRODUCT_BUNDLE_IDENTIFIER = "Mehmet-Ali.Movie-AppUITests";
				PRODUCT_NAME = "$(TARGET_NAME)";
				SWIFT_EMIT_LOC_STRINGS = NO;
				SWIFT_VERSION = 5.0;
				TARGETED_DEVICE_FAMILY = "1,2";
				TEST_TARGET_NAME = "Movie App";
			};
			name = Debug;
		};
		5671B1812A9747A2008EF8F3 /* Release */ = {
			isa = XCBuildConfiguration;
			buildSettings = {
				ALWAYS_EMBED_SWIFT_STANDARD_LIBRARIES = YES;
				CODE_SIGN_STYLE = Automatic;
				CURRENT_PROJECT_VERSION = 1;
				DEVELOPMENT_TEAM = SJ9HXADZ9T;
				GENERATE_INFOPLIST_FILE = YES;
				MARKETING_VERSION = 1.0;
				PRODUCT_BUNDLE_IDENTIFIER = "Mehmet-Ali.Movie-AppUITests";
				PRODUCT_NAME = "$(TARGET_NAME)";
				SWIFT_EMIT_LOC_STRINGS = NO;
				SWIFT_VERSION = 5.0;
				TARGETED_DEVICE_FAMILY = "1,2";
				TEST_TARGET_NAME = "Movie App";
			};
			name = Release;
		};
/* End XCBuildConfiguration section */

/* Begin XCConfigurationList section */
		5671B14A2A9747A1008EF8F3 /* Build configuration list for PBXProject "Movie App" */ = {
			isa = XCConfigurationList;
			buildConfigurations = (
				5671B1772A9747A2008EF8F3 /* Debug */,
				5671B1782A9747A2008EF8F3 /* Release */,
			);
			defaultConfigurationIsVisible = 0;
			defaultConfigurationName = Release;
		};
		5671B1792A9747A2008EF8F3 /* Build configuration list for PBXNativeTarget "Movie App" */ = {
			isa = XCConfigurationList;
			buildConfigurations = (
				5671B17A2A9747A2008EF8F3 /* Debug */,
				5671B17B2A9747A2008EF8F3 /* Release */,
			);
			defaultConfigurationIsVisible = 0;
			defaultConfigurationName = Release;
		};
		5671B17C2A9747A2008EF8F3 /* Build configuration list for PBXNativeTarget "Movie AppTests" */ = {
			isa = XCConfigurationList;
			buildConfigurations = (
				5671B17D2A9747A2008EF8F3 /* Debug */,
				5671B17E2A9747A2008EF8F3 /* Release */,
			);
			defaultConfigurationIsVisible = 0;
			defaultConfigurationName = Release;
		};
		5671B17F2A9747A2008EF8F3 /* Build configuration list for PBXNativeTarget "Movie AppUITests" */ = {
			isa = XCConfigurationList;
			buildConfigurations = (
				5671B1802A9747A2008EF8F3 /* Debug */,
				5671B1812A9747A2008EF8F3 /* Release */,
			);
			defaultConfigurationIsVisible = 0;
			defaultConfigurationName = Release;
		};
/* End XCConfigurationList section */

/* Begin XCRemoteSwiftPackageReference section */
		5666D4A22A9750C4008B9894 /* XCRemoteSwiftPackageReference "Alamofire" */ = {
			isa = XCRemoteSwiftPackageReference;
			repositoryURL = "https://github.com/Alamofire/Alamofire.git";
			requirement = {
				kind = upToNextMajorVersion;
				minimumVersion = 5.0.0;
			};
		};
/* End XCRemoteSwiftPackageReference section */

/* Begin XCSwiftPackageProductDependency section */
		5666D4A32A9750C5008B9894 /* Alamofire */ = {
			isa = XCSwiftPackageProductDependency;
			package = 5666D4A22A9750C4008B9894 /* XCRemoteSwiftPackageReference "Alamofire" */;
			productName = Alamofire;
		};
/* End XCSwiftPackageProductDependency section */
	};
	rootObject = 5671B1472A9747A1008EF8F3 /* Project object */;
}
